// !$*UTF8*$!
{
	archiveVersion = 1;
	classes = {
	};
	objectVersion = 50;
	objects = {

/* Begin PBXBuildFile section */
		ABED9FB925BA032A00991880 /* AppDelegate.swift in Sources */ = {isa = PBXBuildFile; fileRef = ABED9FB825BA032A00991880 /* AppDelegate.swift */; };
		ABED9FBB25BA032A00991880 /* SceneDelegate.swift in Sources */ = {isa = PBXBuildFile; fileRef = ABED9FBA25BA032A00991880 /* SceneDelegate.swift */; };
		ABED9FBD25BA032A00991880 /* ViewController.swift in Sources */ = {isa = PBXBuildFile; fileRef = ABED9FBC25BA032A00991880 /* ViewController.swift */; };
		ABED9FC025BA032A00991880 /* Main.storyboard in Resources */ = {isa = PBXBuildFile; fileRef = ABED9FBE25BA032A00991880 /* Main.storyboard */; };
		ABED9FC225BA032C00991880 /* Assets.xcassets in Resources */ = {isa = PBXBuildFile; fileRef = ABED9FC125BA032C00991880 /* Assets.xcassets */; };
		ABED9FC525BA032C00991880 /* LaunchScreen.storyboard in Resources */ = {isa = PBXBuildFile; fileRef = ABED9FC325BA032C00991880 /* LaunchScreen.storyboard */; };
		ABED9FD025BA032D00991880 /* animacionesTests.swift in Sources */ = {isa = PBXBuildFile; fileRef = ABED9FCF25BA032D00991880 /* animacionesTests.swift */; };
		ABED9FDB25BA032D00991880 /* animacionesUITests.swift in Sources */ = {isa = PBXBuildFile; fileRef = ABED9FDA25BA032D00991880 /* animacionesUITests.swift */; };
		ABED9FEC25BA03F200991880 /* UIButtonExtension.swift in Sources */ = {isa = PBXBuildFile; fileRef = ABED9FEB25BA03F200991880 /* UIButtonExtension.swift */; };
/* End PBXBuildFile section */

/* Begin PBXContainerItemProxy section */
		ABED9FCC25BA032D00991880 /* PBXContainerItemProxy */ = {
			isa = PBXContainerItemProxy;
			containerPortal = ABED9FAD25BA032A00991880 /* Project object */;
			proxyType = 1;
			remoteGlobalIDString = ABED9FB425BA032A00991880;
			remoteInfo = animaciones;
		};
		ABED9FD725BA032D00991880 /* PBXContainerItemProxy */ = {
			isa = PBXContainerItemProxy;
			containerPortal = ABED9FAD25BA032A00991880 /* Project object */;
			proxyType = 1;
			remoteGlobalIDString = ABED9FB425BA032A00991880;
			remoteInfo = animaciones;
		};
/* End PBXContainerItemProxy section */

/* Begin PBXFileReference section */
		ABED9FB525BA032A00991880 /* animaciones.app */ = {isa = PBXFileReference; explicitFileType = wrapper.application; includeInIndex = 0; path = animaciones.app; sourceTree = BUILT_PRODUCTS_DIR; };
		ABED9FB825BA032A00991880 /* AppDelegate.swift */ = {isa = PBXFileReference; lastKnownFileType = sourcecode.swift; path = AppDelegate.swift; sourceTree = "<group>"; };
		ABED9FBA25BA032A00991880 /* SceneDelegate.swift */ = {isa = PBXFileReference; lastKnownFileType = sourcecode.swift; path = SceneDelegate.swift; sourceTree = "<group>"; };
		ABED9FBC25BA032A00991880 /* ViewController.swift */ = {isa = PBXFileReference; lastKnownFileType = sourcecode.swift; path = ViewController.swift; sourceTree = "<group>"; };
		ABED9FBF25BA032A00991880 /* Base */ = {isa = PBXFileReference; lastKnownFileType = file.storyboard; name = Base; path = Base.lproj/Main.storyboard; sourceTree = "<group>"; };
		ABED9FC125BA032C00991880 /* Assets.xcassets */ = {isa = PBXFileReference; lastKnownFileType = folder.assetcatalog; path = Assets.xcassets; sourceTree = "<group>"; };
		ABED9FC425BA032C00991880 /* Base */ = {isa = PBXFileReference; lastKnownFileType = file.storyboard; name = Base; path = Base.lproj/LaunchScreen.storyboard; sourceTree = "<group>"; };
		ABED9FC625BA032C00991880 /* Info.plist */ = {isa = PBXFileReference; lastKnownFileType = text.plist.xml; path = Info.plist; sourceTree = "<group>"; };
		ABED9FCB25BA032D00991880 /* animacionesTests.xctest */ = {isa = PBXFileReference; explicitFileType = wrapper.cfbundle; includeInIndex = 0; path = animacionesTests.xctest; sourceTree = BUILT_PRODUCTS_DIR; };
		ABED9FCF25BA032D00991880 /* animacionesTests.swift */ = {isa = PBXFileReference; lastKnownFileType = sourcecode.swift; path = animacionesTests.swift; sourceTree = "<group>"; };
		ABED9FD125BA032D00991880 /* Info.plist */ = {isa = PBXFileReference; lastKnownFileType = text.plist.xml; path = Info.plist; sourceTree = "<group>"; };
		ABED9FD625BA032D00991880 /* animacionesUITests.xctest */ = {isa = PBXFileReference; explicitFileType = wrapper.cfbundle; includeInIndex = 0; path = animacionesUITests.xctest; sourceTree = BUILT_PRODUCTS_DIR; };
		ABED9FDA25BA032D00991880 /* animacionesUITests.swift */ = {isa = PBXFileReference; lastKnownFileType = sourcecode.swift; path = animacionesUITests.swift; sourceTree = "<group>"; };
		ABED9FDC25BA032D00991880 /* Info.plist */ = {isa = PBXFileReference; lastKnownFileType = text.plist.xml; path = Info.plist; sourceTree = "<group>"; };
		ABED9FEB25BA03F200991880 /* UIButtonExtension.swift */ = {isa = PBXFileReference; lastKnownFileType = sourcecode.swift; path = UIButtonExtension.swift; sourceTree = "<group>"; };
/* End PBXFileReference section */

/* Begin PBXFrameworksBuildPhase section */
		ABED9FB225BA032A00991880 /* Frameworks */ = {
			isa = PBXFrameworksBuildPhase;
			buildActionMask = 2147483647;
			files = (
			);
			runOnlyForDeploymentPostprocessing = 0;
		};
		ABED9FC825BA032D00991880 /* Frameworks */ = {
			isa = PBXFrameworksBuildPhase;
			buildActionMask = 2147483647;
			files = (
			);
			runOnlyForDeploymentPostprocessing = 0;
		};
		ABED9FD325BA032D00991880 /* Frameworks */ = {
			isa = PBXFrameworksBuildPhase;
			buildActionMask = 2147483647;
			files = (
			);
			runOnlyForDeploymentPostprocessing = 0;
		};
/* End PBXFrameworksBuildPhase section */

/* Begin PBXGroup section */
		ABED9FAC25BA032A00991880 = {
			isa = PBXGroup;
			children = (
				ABED9FB725BA032A00991880 /* animaciones */,
				ABED9FCE25BA032D00991880 /* animacionesTests */,
				ABED9FD925BA032D00991880 /* animacionesUITests */,
				ABED9FB625BA032A00991880 /* Products */,
			);
			sourceTree = "<group>";
		};
		ABED9FB625BA032A00991880 /* Products */ = {
			isa = PBXGroup;
			children = (
				ABED9FB525BA032A00991880 /* animaciones.app */,
				ABED9FCB25BA032D00991880 /* animacionesTests.xctest */,
				ABED9FD625BA032D00991880 /* animacionesUITests.xctest */,
			);
			name = Products;
			sourceTree = "<group>";
		};
		ABED9FB725BA032A00991880 /* animaciones */ = {
			isa = PBXGroup;
			children = (
				ABED9FF025BA03FA00991880 /* Extensions */,
				ABED9FB825BA032A00991880 /* AppDelegate.swift */,
				ABED9FBA25BA032A00991880 /* SceneDelegate.swift */,
				ABED9FBC25BA032A00991880 /* ViewController.swift */,
				ABED9FBE25BA032A00991880 /* Main.storyboard */,
				ABED9FC125BA032C00991880 /* Assets.xcassets */,
				ABED9FC325BA032C00991880 /* LaunchScreen.storyboard */,
				ABED9FC625BA032C00991880 /* Info.plist */,
			);
			path = animaciones;
			sourceTree = "<group>";
		};
		ABED9FCE25BA032D00991880 /* animacionesTests */ = {
			isa = PBXGroup;
			children = (
				ABED9FCF25BA032D00991880 /* animacionesTests.swift */,
				ABED9FD125BA032D00991880 /* Info.plist */,
			);
			path = animacionesTests;
			sourceTree = "<group>";
		};
		ABED9FD925BA032D00991880 /* animacionesUITests */ = {
			isa = PBXGroup;
			children = (
				ABED9FDA25BA032D00991880 /* animacionesUITests.swift */,
				ABED9FDC25BA032D00991880 /* Info.plist */,
			);
			path = animacionesUITests;
			sourceTree = "<group>";
		};
		ABED9FF025BA03FA00991880 /* Extensions */ = {
			isa = PBXGroup;
			children = (
				ABED9FEB25BA03F200991880 /* UIButtonExtension.swift */,
			);
			path = Extensions;
			sourceTree = "<group>";
		};
/* End PBXGroup section */

/* Begin PBXNativeTarget section */
		ABED9FB425BA032A00991880 /* animaciones */ = {
			isa = PBXNativeTarget;
			buildConfigurationList = ABED9FDF25BA032D00991880 /* Build configuration list for PBXNativeTarget "animaciones" */;
			buildPhases = (
				ABED9FB125BA032A00991880 /* Sources */,
				ABED9FB225BA032A00991880 /* Frameworks */,
				ABED9FB325BA032A00991880 /* Resources */,
			);
			buildRules = (
			);
			dependencies = (
			);
			name = animaciones;
			productName = animaciones;
			productReference = ABED9FB525BA032A00991880 /* animaciones.app */;
			productType = "com.apple.product-type.application";
		};
		ABED9FCA25BA032D00991880 /* animacionesTests */ = {
			isa = PBXNativeTarget;
			buildConfigurationList = ABED9FE225BA032D00991880 /* Build configuration list for PBXNativeTarget "animacionesTests" */;
			buildPhases = (
				ABED9FC725BA032D00991880 /* Sources */,
				ABED9FC825BA032D00991880 /* Frameworks */,
				ABED9FC925BA032D00991880 /* Resources */,
			);
			buildRules = (
			);
			dependencies = (
				ABED9FCD25BA032D00991880 /* PBXTargetDependency */,
			);
			name = animacionesTests;
			productName = animacionesTests;
			productReference = ABED9FCB25BA032D00991880 /* animacionesTests.xctest */;
			productType = "com.apple.product-type.bundle.unit-test";
		};
		ABED9FD525BA032D00991880 /* animacionesUITests */ = {
			isa = PBXNativeTarget;
			buildConfigurationList = ABED9FE525BA032D00991880 /* Build configuration list for PBXNativeTarget "animacionesUITests" */;
			buildPhases = (
				ABED9FD225BA032D00991880 /* Sources */,
				ABED9FD325BA032D00991880 /* Frameworks */,
				ABED9FD425BA032D00991880 /* Resources */,
			);
			buildRules = (
			);
			dependencies = (
				ABED9FD825BA032D00991880 /* PBXTargetDependency */,
			);
			name = animacionesUITests;
			productName = animacionesUITests;
			productReference = ABED9FD625BA032D00991880 /* animacionesUITests.xctest */;
			productType = "com.apple.product-type.bundle.ui-testing";
		};
/* End PBXNativeTarget section */

/* Begin PBXProject section */
		ABED9FAD25BA032A00991880 /* Project object */ = {
			isa = PBXProject;
			attributes = {
				LastSwiftUpdateCheck = 1230;
				LastUpgradeCheck = 1230;
				TargetAttributes = {
					ABED9FB425BA032A00991880 = {
						CreatedOnToolsVersion = 12.3;
					};
					ABED9FCA25BA032D00991880 = {
						CreatedOnToolsVersion = 12.3;
						TestTargetID = ABED9FB425BA032A00991880;
					};
					ABED9FD525BA032D00991880 = {
						CreatedOnToolsVersion = 12.3;
						TestTargetID = ABED9FB425BA032A00991880;
					};
				};
			};
			buildConfigurationList = ABED9FB025BA032A00991880 /* Build configuration list for PBXProject "animaciones" */;
			compatibilityVersion = "Xcode 9.3";
			developmentRegion = en;
			hasScannedForEncodings = 0;
			knownRegions = (
				en,
				Base,
			);
			mainGroup = ABED9FAC25BA032A00991880;
			productRefGroup = ABED9FB625BA032A00991880 /* Products */;
			projectDirPath = "";
			projectRoot = "";
			targets = (
				ABED9FB425BA032A00991880 /* animaciones */,
				ABED9FCA25BA032D00991880 /* animacionesTests */,
				ABED9FD525BA032D00991880 /* animacionesUITests */,
			);
		};
/* End PBXProject section */

/* Begin PBXResourcesBuildPhase section */
		ABED9FB325BA032A00991880 /* Resources */ = {
			isa = PBXResourcesBuildPhase;
			buildActionMask = 2147483647;
			files = (
				ABED9FC525BA032C00991880 /* LaunchScreen.storyboard in Resources */,
				ABED9FC225BA032C00991880 /* Assets.xcassets in Resources */,
				ABED9FC025BA032A00991880 /* Main.storyboard in Resources */,
			);
			runOnlyForDeploymentPostprocessing = 0;
		};
		ABED9FC925BA032D00991880 /* Resources */ = {
			isa = PBXResourcesBuildPhase;
			buildActionMask = 2147483647;
			files = (
			);
			runOnlyForDeploymentPostprocessing = 0;
		};
		ABED9FD425BA032D00991880 /* Resources */ = {
			isa = PBXResourcesBuildPhase;
			buildActionMask = 2147483647;
			files = (
			);
			runOnlyForDeploymentPostprocessing = 0;
		};
/* End PBXResourcesBuildPhase section */

/* Begin PBXSourcesBuildPhase section */
		ABED9FB125BA032A00991880 /* Sources */ = {
			isa = PBXSourcesBuildPhase;
			buildActionMask = 2147483647;
			files = (
				ABED9FBD25BA032A00991880 /* ViewController.swift in Sources */,
				ABED9FEC25BA03F200991880 /* UIButtonExtension.swift in Sources */,
				ABED9FB925BA032A00991880 /* AppDelegate.swift in Sources */,
				ABED9FBB25BA032A00991880 /* SceneDelegate.swift in Sources */,
			);
			runOnlyForDeploymentPostprocessing = 0;
		};
		ABED9FC725BA032D00991880 /* Sources */ = {
			isa = PBXSourcesBuildPhase;
			buildActionMask = 2147483647;
			files = (
				ABED9FD025BA032D00991880 /* animacionesTests.swift in Sources */,
			);
			runOnlyForDeploymentPostprocessing = 0;
		};
		ABED9FD225BA032D00991880 /* Sources */ = {
			isa = PBXSourcesBuildPhase;
			buildActionMask = 2147483647;
			files = (
				ABED9FDB25BA032D00991880 /* animacionesUITests.swift in Sources */,
			);
			runOnlyForDeploymentPostprocessing = 0;
		};
/* End PBXSourcesBuildPhase section */

/* Begin PBXTargetDependency section */
		ABED9FCD25BA032D00991880 /* PBXTargetDependency */ = {
			isa = PBXTargetDependency;
			target = ABED9FB425BA032A00991880 /* animaciones */;
			targetProxy = ABED9FCC25BA032D00991880 /* PBXContainerItemProxy */;
		};
		ABED9FD825BA032D00991880 /* PBXTargetDependency */ = {
			isa = PBXTargetDependency;
			target = ABED9FB425BA032A00991880 /* animaciones */;
			targetProxy = ABED9FD725BA032D00991880 /* PBXContainerItemProxy */;
		};
/* End PBXTargetDependency section */

/* Begin PBXVariantGroup section */
		ABED9FBE25BA032A00991880 /* Main.storyboard */ = {
			isa = PBXVariantGroup;
			children = (
				ABED9FBF25BA032A00991880 /* Base */,
			);
			name = Main.storyboard;
			sourceTree = "<group>";
		};
		ABED9FC325BA032C00991880 /* LaunchScreen.storyboard */ = {
			isa = PBXVariantGroup;
			children = (
				ABED9FC425BA032C00991880 /* Base */,
			);
			name = LaunchScreen.storyboard;
			sourceTree = "<group>";
		};
/* End PBXVariantGroup section */

/* Begin XCBuildConfiguration section */
		ABED9FDD25BA032D00991880 /* Debug */ = {
			isa = XCBuildConfiguration;
			buildSettings = {
				ALWAYS_SEARCH_USER_PATHS = NO;
				CLANG_ANALYZER_NONNULL = YES;
				CLANG_ANALYZER_NUMBER_OBJECT_CONVERSION = YES_AGGRESSIVE;
				CLANG_CXX_LANGUAGE_STANDARD = "gnu++14";
				CLANG_CXX_LIBRARY = "libc++";
				CLANG_ENABLE_MODULES = YES;
				CLANG_ENABLE_OBJC_ARC = YES;
				CLANG_ENABLE_OBJC_WEAK = YES;
				CLANG_WARN_BLOCK_CAPTURE_AUTORELEASING = YES;
				CLANG_WARN_BOOL_CONVERSION = YES;
				CLANG_WARN_COMMA = YES;
				CLANG_WARN_CONSTANT_CONVERSION = YES;
				CLANG_WARN_DEPRECATED_OBJC_IMPLEMENTATIONS = YES;
				CLANG_WARN_DIRECT_OBJC_ISA_USAGE = YES_ERROR;
				CLANG_WARN_DOCUMENTATION_COMMENTS = YES;
				CLANG_WARN_EMPTY_BODY = YES;
				CLANG_WARN_ENUM_CONVERSION = YES;
				CLANG_WARN_INFINITE_RECURSION = YES;
				CLANG_WARN_INT_CONVERSION = YES;
				CLANG_WARN_NON_LITERAL_NULL_CONVERSION = YES;
				CLANG_WARN_OBJC_IMPLICIT_RETAIN_SELF = YES;
				CLANG_WARN_OBJC_LITERAL_CONVERSION = YES;
				CLANG_WARN_OBJC_ROOT_CLASS = YES_ERROR;
				CLANG_WARN_QUOTED_INCLUDE_IN_FRAMEWORK_HEADER = YES;
				CLANG_WARN_RANGE_LOOP_ANALYSIS = YES;
				CLANG_WARN_STRICT_PROTOTYPES = YES;
				CLANG_WARN_SUSPICIOUS_MOVE = YES;
				CLANG_WARN_UNGUARDED_AVAILABILITY = YES_AGGRESSIVE;
				CLANG_WARN_UNREACHABLE_CODE = YES;
				CLANG_WARN__DUPLICATE_METHOD_MATCH = YES;
				COPY_PHASE_STRIP = NO;
				DEBUG_INFORMATION_FORMAT = dwarf;
				ENABLE_STRICT_OBJC_MSGSEND = YES;
				ENABLE_TESTABILITY = YES;
				GCC_C_LANGUAGE_STANDARD = gnu11;
				GCC_DYNAMIC_NO_PIC = NO;
				GCC_NO_COMMON_BLOCKS = YES;
				GCC_OPTIMIZATION_LEVEL = 0;
				GCC_PREPROCESSOR_DEFINITIONS = (
					"DEBUG=1",
					"$(inherited)",
				);
				GCC_WARN_64_TO_32_BIT_CONVERSION = YES;
				GCC_WARN_ABOUT_RETURN_TYPE = YES_ERROR;
				GCC_WARN_UNDECLARED_SELECTOR = YES;
				GCC_WARN_UNINITIALIZED_AUTOS = YES_AGGRESSIVE;
				GCC_WARN_UNUSED_FUNCTION = YES;
				GCC_WARN_UNUSED_VARIABLE = YES;
				IPHONEOS_DEPLOYMENT_TARGET = 14.3;
				MTL_ENABLE_DEBUG_INFO = INCLUDE_SOURCE;
				MTL_FAST_MATH = YES;
				ONLY_ACTIVE_ARCH = YES;
				SDKROOT = iphoneos;
				SWIFT_ACTIVE_COMPILATION_CONDITIONS = DEBUG;
				SWIFT_OPTIMIZATION_LEVEL = "-Onone";
			};
			name = Debug;
		};
		ABED9FDE25BA032D00991880 /* Release */ = {
			isa = XCBuildConfiguration;
			buildSettings = {
				ALWAYS_SEARCH_USER_PATHS = NO;
				CLANG_ANALYZER_NONNULL = YES;
				CLANG_ANALYZER_NUMBER_OBJECT_CONVERSION = YES_AGGRESSIVE;
				CLANG_CXX_LANGUAGE_STANDARD = "gnu++14";
				CLANG_CXX_LIBRARY = "libc++";
				CLANG_ENABLE_MODULES = YES;
				CLANG_ENABLE_OBJC_ARC = YES;
				CLANG_ENABLE_OBJC_WEAK = YES;
				CLANG_WARN_BLOCK_CAPTURE_AUTORELEASING = YES;
				CLANG_WARN_BOOL_CONVERSION = YES;
				CLANG_WARN_COMMA = YES;
				CLANG_WARN_CONSTANT_CONVERSION = YES;
				CLANG_WARN_DEPRECATED_OBJC_IMPLEMENTATIONS = YES;
				CLANG_WARN_DIRECT_OBJC_ISA_USAGE = YES_ERROR;
				CLANG_WARN_DOCUMENTATION_COMMENTS = YES;
				CLANG_WARN_EMPTY_BODY = YES;
				CLANG_WARN_ENUM_CONVERSION = YES;
				CLANG_WARN_INFINITE_RECURSION = YES;
				CLANG_WARN_INT_CONVERSION = YES;
				CLANG_WARN_NON_LITERAL_NULL_CONVERSION = YES;
				CLANG_WARN_OBJC_IMPLICIT_RETAIN_SELF = YES;
				CLANG_WARN_OBJC_LITERAL_CONVERSION = YES;
				CLANG_WARN_OBJC_ROOT_CLASS = YES_ERROR;
				CLANG_WARN_QUOTED_INCLUDE_IN_FRAMEWORK_HEADER = YES;
				CLANG_WARN_RANGE_LOOP_ANALYSIS = YES;
				CLANG_WARN_STRICT_PROTOTYPES = YES;
				CLANG_WARN_SUSPICIOUS_MOVE = YES;
				CLANG_WARN_UNGUARDED_AVAILABILITY = YES_AGGRESSIVE;
				CLANG_WARN_UNREACHABLE_CODE = YES;
				CLANG_WARN__DUPLICATE_METHOD_MATCH = YES;
				COPY_PHASE_STRIP = NO;
				DEBUG_INFORMATION_FORMAT = "dwarf-with-dsym";
				ENABLE_NS_ASSERTIONS = NO;
				ENABLE_STRICT_OBJC_MSGSEND = YES;
				GCC_C_LANGUAGE_STANDARD = gnu11;
				GCC_NO_COMMON_BLOCKS = YES;
				GCC_WARN_64_TO_32_BIT_CONVERSION = YES;
				GCC_WARN_ABOUT_RETURN_TYPE = YES_ERROR;
				GCC_WARN_UNDECLARED_SELECTOR = YES;
				GCC_WARN_UNINITIALIZED_AUTOS = YES_AGGRESSIVE;
				GCC_WARN_UNUSED_FUNCTION = YES;
				GCC_WARN_UNUSED_VARIABLE = YES;
				IPHONEOS_DEPLOYMENT_TARGET = 14.3;
				MTL_ENABLE_DEBUG_INFO = NO;
				MTL_FAST_MATH = YES;
				SDKROOT = iphoneos;
				SWIFT_COMPILATION_MODE = wholemodule;
				SWIFT_OPTIMIZATION_LEVEL = "-O";
				VALIDATE_PRODUCT = YES;
			};
			name = Release;
		};
		ABED9FE025BA032D00991880 /* Debug */ = {
			isa = XCBuildConfiguration;
			buildSettings = {
				ASSETCATALOG_COMPILER_APPICON_NAME = AppIcon;
				ASSETCATALOG_COMPILER_GLOBAL_ACCENT_COLOR_NAME = AccentColor;
				CODE_SIGN_STYLE = Automatic;
				INFOPLIST_FILE = animaciones/Info.plist;
				LD_RUNPATH_SEARCH_PATHS = (
					"$(inherited)",
					"@executable_path/Frameworks",
				);
				PRODUCT_BUNDLE_IDENTIFIER = com.utt.animaciones;
				PRODUCT_NAME = "$(TARGET_NAME)";
				SWIFT_VERSION = 5.0;
				TARGETED_DEVICE_FAMILY = "1,2";
			};
			name = Debug;
		};
		ABED9FE125BA032D00991880 /* Release */ = {
			isa = XCBuildConfiguration;
			buildSettings = {
				ASSETCATALOG_COMPILER_APPICON_NAME = AppIcon;
				ASSETCATALOG_COMPILER_GLOBAL_ACCENT_COLOR_NAME = AccentColor;
				CODE_SIGN_STYLE = Automatic;
				INFOPLIST_FILE = animaciones/Info.plist;
				LD_RUNPATH_SEARCH_PATHS = (
					"$(inherited)",
					"@executable_path/Frameworks",
				);
				PRODUCT_BUNDLE_IDENTIFIER = com.utt.animaciones;
				PRODUCT_NAME = "$(TARGET_NAME)";
				SWIFT_VERSION = 5.0;
				TARGETED_DEVICE_FAMILY = "1,2";
			};
			name = Release;
		};
		ABED9FE325BA032D00991880 /* Debug */ = {
			isa = XCBuildConfiguration;
			buildSettings = {
				ALWAYS_EMBED_SWIFT_STANDARD_LIBRARIES = YES;
				BUNDLE_LOADER = "$(TEST_HOST)";
				CODE_SIGN_STYLE = Automatic;
				INFOPLIST_FILE = animacionesTests/Info.plist;
				IPHONEOS_DEPLOYMENT_TARGET = 14.3;
				LD_RUNPATH_SEARCH_PATHS = (
					"$(inherited)",
					"@executable_path/Frameworks",
					"@loader_path/Frameworks",
				);
				PRODUCT_BUNDLE_IDENTIFIER = com.utt.animacionesTests;
				PRODUCT_NAME = "$(TARGET_NAME)";
				SWIFT_VERSION = 5.0;
				TARGETED_DEVICE_FAMILY = "1,2";
				TEST_HOST = "$(BUILT_PRODUCTS_DIR)/animaciones.app/animaciones";
			};
			name = Debug;
		};
		ABED9FE425BA032D00991880 /* Release */ = {
			isa = XCBuildConfiguration;
			buildSettings = {
				ALWAYS_EMBED_SWIFT_STANDARD_LIBRARIES = YES;
				BUNDLE_LOADER = "$(TEST_HOST)";
				CODE_SIGN_STYLE = Automatic;
				INFOPLIST_FILE = animacionesTests/Info.plist;
				IPHONEOS_DEPLOYMENT_TARGET = 14.3;
				LD_RUNPATH_SEARCH_PATHS = (
					"$(inherited)",
					"@executable_path/Frameworks",
					"@loader_path/Frameworks",
				);
				PRODUCT_BUNDLE_IDENTIFIER = com.utt.animacionesTests;
				PRODUCT_NAME = "$(TARGET_NAME)";
				SWIFT_VERSION = 5.0;
				TARGETED_DEVICE_FAMILY = "1,2";
				TEST_HOST = "$(BUILT_PRODUCTS_DIR)/animaciones.app/animaciones";
			};
			name = Release;
		};
		ABED9FE625BA032D00991880 /* Debug */ = {
			isa = XCBuildConfiguration;
			buildSettings = {
				ALWAYS_EMBED_SWIFT_STANDARD_LIBRARIES = YES;
				CODE_SIGN_STYLE = Automatic;
				INFOPLIST_FILE = animacionesUITests/Info.plist;
				LD_RUNPATH_SEARCH_PATHS = (
					"$(inherited)",
					"@executable_path/Frameworks",
					"@loader_path/Frameworks",
				);
				PRODUCT_BUNDLE_IDENTIFIER = com.utt.animacionesUITests;
				PRODUCT_NAME = "$(TARGET_NAME)";
				SWIFT_VERSION = 5.0;
				TARGETED_DEVICE_FAMILY = "1,2";
				TEST_TARGET_NAME = animaciones;
			};
			name = Debug;
		};
		ABED9FE725BA032D00991880 /* Release */ = {
			isa = XCBuildConfiguration;
			buildSettings = {
				ALWAYS_EMBED_SWIFT_STANDARD_LIBRARIES = YES;
				CODE_SIGN_STYLE = Automatic;
				INFOPLIST_FILE = animacionesUITests/Info.plist;
				LD_RUNPATH_SEARCH_PATHS = (
					"$(inherited)",
					"@executable_path/Frameworks",
					"@loader_path/Frameworks",
				);
				PRODUCT_BUNDLE_IDENTIFIER = com.utt.animacionesUITests;
				PRODUCT_NAME = "$(TARGET_NAME)";
				SWIFT_VERSION = 5.0;
				TARGETED_DEVICE_FAMILY = "1,2";
				TEST_TARGET_NAME = animaciones;
			};
			name = Release;
		};
/* End XCBuildConfiguration section */

/* Begin XCConfigurationList section */
		ABED9FB025BA032A00991880 /* Build configuration list for PBXProject "animaciones" */ = {
			isa = XCConfigurationList;
			buildConfigurations = (
				ABED9FDD25BA032D00991880 /* Debug */,
				ABED9FDE25BA032D00991880 /* Release */,
			);
			defaultConfigurationIsVisible = 0;
			defaultConfigurationName = Release;
		};
		ABED9FDF25BA032D00991880 /* Build configuration list for PBXNativeTarget "animaciones" */ = {
			isa = XCConfigurationList;
			buildConfigurations = (
				ABED9FE025BA032D00991880 /* Debug */,
				ABED9FE125BA032D00991880 /* Release */,
			);
			defaultConfigurationIsVisible = 0;
			defaultConfigurationName = Release;
		};
		ABED9FE225BA032D00991880 /* Build configuration list for PBXNativeTarget "animacionesTests" */ = {
			isa = XCConfigurationList;
			buildConfigurations = (
				ABED9FE325BA032D00991880 /* Debug */,
				ABED9FE425BA032D00991880 /* Release */,
			);
			defaultConfigurationIsVisible = 0;
			defaultConfigurationName = Release;
		};
		ABED9FE525BA032D00991880 /* Build configuration list for PBXNativeTarget "animacionesUITests" */ = {
			isa = XCConfigurationList;
			buildConfigurations = (
				ABED9FE625BA032D00991880 /* Debug */,
				ABED9FE725BA032D00991880 /* Release */,
			);
			defaultConfigurationIsVisible = 0;
			defaultConfigurationName = Release;
		};
/* End XCConfigurationList section */
	};
	rootObject = ABED9FAD25BA032A00991880 /* Project object */;
}
